
Microsoft Visual Studio Solution File, Format Version 12.00
# Visual Studio 15
Project("{FAE04EC0-301F-11D3-BF4B-00C04F79EFBC}") = "Rx.Dd.Android", "src\Rx.Dd.Android\Rx.Dd.Android.csproj", "{E66E79A8-876E-4AAB-A332-F15422F3388C}"
EndProject
Project("{FAE04EC0-301F-11D3-BF4B-00C04F79EFBC}") = "Rx.Dd.iOS", "src\Rx.Dd.iOS\Rx.Dd.iOS.csproj", "{5908EFE2-8AFB-43A3-A0CB-1E397E94B5DD}"
EndProject
Project("{FAE04EC0-301F-11D3-BF4B-00C04F79EFBC}") = "Rx.Dd.Forms", "src\Rx.Dd.Forms\Rx.Dd.Forms.csproj", "{377248CF-4643-47C7-9E72-EA20C540E842}"
EndProject
Project("{FAE04EC0-301F-11D3-BF4B-00C04F79EFBC}") = "Rx.Dd.Data", "src\Rx.Dd.Data\Rx.Dd.Data.csproj", "{67097FD1-27E5-4E99-9B1B-57ED0A1FA7EA}"
EndProject
Project("{2150E333-8FDC-42A3-9474-1A3956D46DE8}") = "src", "src", "{44166D93-BA57-4314-A95A-5BC9AF6FAE28}"
EndProject
Project("{2150E333-8FDC-42A3-9474-1A3956D46DE8}") = "targets", "targets", "{987C7C04-69BB-45A1-BFBD-4EFC7D35DFA5}"
EndProject
Project("{FAE04EC0-301F-11D3-BF4B-00C04F79EFBC}") = "Rx.Dd.ViewModel", "src\Rx.Dd.ViewModel\Rx.Dd.ViewModel.csproj", "{E44D92BB-F49B-41A5-B690-7F71E262377A}"
EndProject
Global
	GlobalSection(SolutionConfigurationPlatforms) = preSolution
		Debug|Any CPU = Debug|Any CPU
		Release|Any CPU = Release|Any CPU
		Debug|iPhoneSimulator = Debug|iPhoneSimulator
		Release|iPhoneSimulator = Release|iPhoneSimulator
		Debug|iPhone = Debug|iPhone
		Release|iPhone = Release|iPhone
	EndGlobalSection
	GlobalSection(ProjectConfigurationPlatforms) = postSolution
		{E66E79A8-876E-4AAB-A332-F15422F3388C}.Debug|Any CPU.ActiveCfg = Debug|Any CPU
		{E66E79A8-876E-4AAB-A332-F15422F3388C}.Debug|Any CPU.Build.0 = Debug|Any CPU
		{E66E79A8-876E-4AAB-A332-F15422F3388C}.Release|Any CPU.ActiveCfg = Release|Any CPU
		{E66E79A8-876E-4AAB-A332-F15422F3388C}.Release|Any CPU.Build.0 = Release|Any CPU
		{E66E79A8-876E-4AAB-A332-F15422F3388C}.Debug|iPhoneSimulator.ActiveCfg = Debug|Any CPU
		{E66E79A8-876E-4AAB-A332-F15422F3388C}.Debug|iPhoneSimulator.Build.0 = Debug|Any CPU
		{E66E79A8-876E-4AAB-A332-F15422F3388C}.Release|iPhoneSimulator.ActiveCfg = Release|Any CPU
		{E66E79A8-876E-4AAB-A332-F15422F3388C}.Release|iPhoneSimulator.Build.0 = Release|Any CPU
		{E66E79A8-876E-4AAB-A332-F15422F3388C}.Debug|iPhone.ActiveCfg = Debug|Any CPU
		{E66E79A8-876E-4AAB-A332-F15422F3388C}.Debug|iPhone.Build.0 = Debug|Any CPU
		{E66E79A8-876E-4AAB-A332-F15422F3388C}.Release|iPhone.ActiveCfg = Release|Any CPU
		{E66E79A8-876E-4AAB-A332-F15422F3388C}.Release|iPhone.Build.0 = Release|Any CPU
		{5908EFE2-8AFB-43A3-A0CB-1E397E94B5DD}.Debug|Any CPU.ActiveCfg = Debug|iPhoneSimulator
		{5908EFE2-8AFB-43A3-A0CB-1E397E94B5DD}.Debug|Any CPU.Build.0 = Debug|iPhoneSimulator
		{5908EFE2-8AFB-43A3-A0CB-1E397E94B5DD}.Release|Any CPU.ActiveCfg = Release|iPhoneSimulator
		{5908EFE2-8AFB-43A3-A0CB-1E397E94B5DD}.Release|Any CPU.Build.0 = Release|iPhoneSimulator
		{5908EFE2-8AFB-43A3-A0CB-1E397E94B5DD}.Debug|iPhoneSimulator.ActiveCfg = Debug|iPhoneSimulator
		{5908EFE2-8AFB-43A3-A0CB-1E397E94B5DD}.Debug|iPhoneSimulator.Build.0 = Debug|iPhoneSimulator
		{5908EFE2-8AFB-43A3-A0CB-1E397E94B5DD}.Release|iPhoneSimulator.ActiveCfg = Release|iPhoneSimulator
		{5908EFE2-8AFB-43A3-A0CB-1E397E94B5DD}.Release|iPhoneSimulator.Build.0 = Release|iPhoneSimulator
		{5908EFE2-8AFB-43A3-A0CB-1E397E94B5DD}.Debug|iPhone.ActiveCfg = Debug|iPhone
		{5908EFE2-8AFB-43A3-A0CB-1E397E94B5DD}.Debug|iPhone.Build.0 = Debug|iPhone
		{5908EFE2-8AFB-43A3-A0CB-1E397E94B5DD}.Release|iPhone.ActiveCfg = Release|iPhone
		{5908EFE2-8AFB-43A3-A0CB-1E397E94B5DD}.Release|iPhone.Build.0 = Release|iPhone
		{377248CF-4643-47C7-9E72-EA20C540E842}.Debug|Any CPU.ActiveCfg = Debug|Any CPU
		{377248CF-4643-47C7-9E72-EA20C540E842}.Debug|Any CPU.Build.0 = Debug|Any CPU
		{377248CF-4643-47C7-9E72-EA20C540E842}.Release|Any CPU.ActiveCfg = Release|Any CPU
		{377248CF-4643-47C7-9E72-EA20C540E842}.Release|Any CPU.Build.0 = Release|Any CPU
		{377248CF-4643-47C7-9E72-EA20C540E842}.Debug|iPhoneSimulator.ActiveCfg = Debug|Any CPU
		{377248CF-4643-47C7-9E72-EA20C540E842}.Debug|iPhoneSimulator.Build.0 = Debug|Any CPU
		{377248CF-4643-47C7-9E72-EA20C540E842}.Release|iPhoneSimulator.ActiveCfg = Release|Any CPU
		{377248CF-4643-47C7-9E72-EA20C540E842}.Release|iPhoneSimulator.Build.0 = Release|Any CPU
		{377248CF-4643-47C7-9E72-EA20C540E842}.Debug|iPhone.ActiveCfg = Debug|Any CPU
		{377248CF-4643-47C7-9E72-EA20C540E842}.Debug|iPhone.Build.0 = Debug|Any CPU
		{377248CF-4643-47C7-9E72-EA20C540E842}.Release|iPhone.ActiveCfg = Release|Any CPU
		{377248CF-4643-47C7-9E72-EA20C540E842}.Release|iPhone.Build.0 = Release|Any CPU
		{67097FD1-27E5-4E99-9B1B-57ED0A1FA7EA}.Debug|Any CPU.ActiveCfg = Debug|Any CPU
		{67097FD1-27E5-4E99-9B1B-57ED0A1FA7EA}.Debug|Any CPU.Build.0 = Debug|Any CPU
		{67097FD1-27E5-4E99-9B1B-57ED0A1FA7EA}.Release|Any CPU.ActiveCfg = Release|Any CPU
		{67097FD1-27E5-4E99-9B1B-57ED0A1FA7EA}.Release|Any CPU.Build.0 = Release|Any CPU
		{67097FD1-27E5-4E99-9B1B-57ED0A1FA7EA}.Debug|iPhoneSimulator.ActiveCfg = Debug|Any CPU
		{67097FD1-27E5-4E99-9B1B-57ED0A1FA7EA}.Debug|iPhoneSimulator.Build.0 = Debug|Any CPU
		{67097FD1-27E5-4E99-9B1B-57ED0A1FA7EA}.Release|iPhoneSimulator.ActiveCfg = Release|Any CPU
		{67097FD1-27E5-4E99-9B1B-57ED0A1FA7EA}.Release|iPhoneSimulator.Build.0 = Release|Any CPU
		{67097FD1-27E5-4E99-9B1B-57ED0A1FA7EA}.Debug|iPhone.ActiveCfg = Debug|Any CPU
		{67097FD1-27E5-4E99-9B1B-57ED0A1FA7EA}.Debug|iPhone.Build.0 = Debug|Any CPU
		{67097FD1-27E5-4E99-9B1B-57ED0A1FA7EA}.Release|iPhone.ActiveCfg = Release|Any CPU
		{67097FD1-27E5-4E99-9B1B-57ED0A1FA7EA}.Release|iPhone.Build.0 = Release|Any CPU
		{E44D92BB-F49B-41A5-B690-7F71E262377A}.Debug|Any CPU.ActiveCfg = Debug|Any CPU
		{E44D92BB-F49B-41A5-B690-7F71E262377A}.Debug|Any CPU.Build.0 = Debug|Any CPU
		{E44D92BB-F49B-41A5-B690-7F71E262377A}.Release|Any CPU.ActiveCfg = Release|Any CPU
		{E44D92BB-F49B-41A5-B690-7F71E262377A}.Release|Any CPU.Build.0 = Release|Any CPU
		{E44D92BB-F49B-41A5-B690-7F71E262377A}.Debug|iPhoneSimulator.ActiveCfg = Debug|Any CPU
		{E44D92BB-F49B-41A5-B690-7F71E262377A}.Debug|iPhoneSimulator.Build.0 = Debug|Any CPU
		{E44D92BB-F49B-41A5-B690-7F71E262377A}.Release|iPhoneSimulator.ActiveCfg = Release|Any CPU
		{E44D92BB-F49B-41A5-B690-7F71E262377A}.Release|iPhoneSimulator.Build.0 = Release|Any CPU
		{E44D92BB-F49B-41A5-B690-7F71E262377A}.Debug|iPhone.ActiveCfg = Debug|Any CPU
		{E44D92BB-F49B-41A5-B690-7F71E262377A}.Debug|iPhone.Build.0 = Debug|Any CPU
		{E44D92BB-F49B-41A5-B690-7F71E262377A}.Release|iPhone.ActiveCfg = Release|Any CPU
		{E44D92BB-F49B-41A5-B690-7F71E262377A}.Release|iPhone.Build.0 = Release|Any CPU
	EndGlobalSection
	GlobalSection(NestedProjects) = preSolution
		{E44D92BB-F49B-41A5-B690-7F71E262377A} = {44166D93-BA57-4314-A95A-5BC9AF6FAE28}
		{5908EFE2-8AFB-43A3-A0CB-1E397E94B5DD} = {987C7C04-69BB-45A1-BFBD-4EFC7D35DFA5}
		{E66E79A8-876E-4AAB-A332-F15422F3388C} = {987C7C04-69BB-45A1-BFBD-4EFC7D35DFA5}
		{377248CF-4643-47C7-9E72-EA20C540E842} = {987C7C04-69BB-45A1-BFBD-4EFC7D35DFA5}
		{67097FD1-27E5-4E99-9B1B-57ED0A1FA7EA} = {44166D93-BA57-4314-A95A-5BC9AF6FAE28}
	EndGlobalSection
EndGlobal
